// !$*UTF8*$!
{
	archiveVersion = 1;
	classes = {
	};
	objectVersion = 46;
	objects = {

/* Begin PBXBuildFile section */
		100299D117C382C80061E4F9 /* UIKit.framework in Frameworks */ = {isa = PBXBuildFile; fileRef = 100299D017C382C80061E4F9 /* UIKit.framework */; };
		100299D317C382C80061E4F9 /* Foundation.framework in Frameworks */ = {isa = PBXBuildFile; fileRef = 100299D217C382C80061E4F9 /* Foundation.framework */; };
		100299D517C382C80061E4F9 /* CoreGraphics.framework in Frameworks */ = {isa = PBXBuildFile; fileRef = 100299D417C382C80061E4F9 /* CoreGraphics.framework */; };
		100299DB17C382C80061E4F9 /* InfoPlist.strings in Resources */ = {isa = PBXBuildFile; fileRef = 100299D917C382C80061E4F9 /* InfoPlist.strings */; };
		100299DD17C382C80061E4F9 /* main.m in Sources */ = {isa = PBXBuildFile; fileRef = 100299DC17C382C80061E4F9 /* main.m */; };
		100299E117C382C80061E4F9 /* ZHAppDelegate.m in Sources */ = {isa = PBXBuildFile; fileRef = 100299E017C382C80061E4F9 /* ZHAppDelegate.m */; };
		100299E317C382C80061E4F9 /* Default.png in Resources */ = {isa = PBXBuildFile; fileRef = 100299E217C382C80061E4F9 /* Default.png */; };
		100299E517C382C80061E4F9 /* Default@2x.png in Resources */ = {isa = PBXBuildFile; fileRef = 100299E417C382C80061E4F9 /* Default@2x.png */; };
		100299E717C382C80061E4F9 /* Default-568h@2x.png in Resources */ = {isa = PBXBuildFile; fileRef = 100299E617C382C80061E4F9 /* Default-568h@2x.png */; };
		100299EA17C382C80061E4F9 /* ZHViewController.m in Sources */ = {isa = PBXBuildFile; fileRef = 100299E917C382C80061E4F9 /* ZHViewController.m */; };
		100299ED17C382C80061E4F9 /* ZHViewController.xib in Resources */ = {isa = PBXBuildFile; fileRef = 100299EB17C382C80061E4F9 /* ZHViewController.xib */; };
/* End PBXBuildFile section */

/* Begin PBXFileReference section */
		100299CD17C382C80061E4F9 /* EShop.app */ = {isa = PBXFileReference; explicitFileType = wrapper.application; includeInIndex = 0; path = EShop.app; sourceTree = BUILT_PRODUCTS_DIR; };
		100299D017C382C80061E4F9 /* UIKit.framework */ = {isa = PBXFileReference; lastKnownFileType = wrapper.framework; name = UIKit.framework; path = System/Library/Frameworks/UIKit.framework; sourceTree = SDKROOT; };
		100299D217C382C80061E4F9 /* Foundation.framework */ = {isa = PBXFileReference; lastKnownFileType = wrapper.framework; name = Foundation.framework; path = System/Library/Frameworks/Foundation.framework; sourceTree = SDKROOT; };
		100299D417C382C80061E4F9 /* CoreGraphics.framework */ = {isa = PBXFileReference; lastKnownFileType = wrapper.framework; name = CoreGraphics.framework; path = System/Library/Frameworks/CoreGraphics.framework; sourceTree = SDKROOT; };
		100299D817C382C80061E4F9 /* EShop-Info.plist */ = {isa = PBXFileReference; lastKnownFileType = text.plist.xml; path = "EShop-Info.plist"; sourceTree = "<group>"; };
		100299DA17C382C80061E4F9 /* en */ = {isa = PBXFileReference; lastKnownFileType = text.plist.strings; name = en; path = en.lproj/InfoPlist.strings; sourceTree = "<group>"; };
		100299DC17C382C80061E4F9 /* main.m */ = {isa = PBXFileReference; lastKnownFileType = sourcecode.c.objc; path = main.m; sourceTree = "<group>"; };
		100299DE17C382C80061E4F9 /* EShop-Prefix.pch */ = {isa = PBXFileReference; lastKnownFileType = sourcecode.c.h; path = "EShop-Prefix.pch"; sourceTree = "<group>"; };
		100299DF17C382C80061E4F9 /* ZHAppDelegate.h */ = {isa = PBXFileReference; lastKnownFileType = sourcecode.c.h; path = ZHAppDelegate.h; sourceTree = "<group>"; };
		100299E017C382C80061E4F9 /* ZHAppDelegate.m */ = {isa = PBXFileReference; lastKnownFileType = sourcecode.c.objc; path = ZHAppDelegate.m; sourceTree = "<group>"; };
		100299E217C382C80061E4F9 /* Default.png */ = {isa = PBXFileReference; lastKnownFileType = image.png; path = Default.png; sourceTree = "<group>"; };
		100299E417C382C80061E4F9 /* Default@2x.png */ = {isa = PBXFileReference; lastKnownFileType = image.png; path = "Default@2x.png"; sourceTree = "<group>"; };
		100299E617C382C80061E4F9 /* Default-568h@2x.png */ = {isa = PBXFileReference; lastKnownFileType = image.png; path = "Default-568h@2x.png"; sourceTree = "<group>"; };
		100299E817C382C80061E4F9 /* ZHViewController.h */ = {isa = PBXFileReference; lastKnownFileType = sourcecode.c.h; path = ZHViewController.h; sourceTree = "<group>"; };
		100299E917C382C80061E4F9 /* ZHViewController.m */ = {isa = PBXFileReference; lastKnownFileType = sourcecode.c.objc; path = ZHViewController.m; sourceTree = "<group>"; };
		100299EC17C382C80061E4F9 /* en */ = {isa = PBXFileReference; lastKnownFileType = file.xib; name = en; path = en.lproj/ZHViewController.xib; sourceTree = "<group>"; };
/* End PBXFileReference section */

/* Begin PBXFrameworksBuildPhase section */
		100299CA17C382C70061E4F9 /* Frameworks */ = {
			isa = PBXFrameworksBuildPhase;
			buildActionMask = 2147483647;
			files = (
				100299D117C382C80061E4F9 /* UIKit.framework in Frameworks */,
				100299D317C382C80061E4F9 /* Foundation.framework in Frameworks */,
				100299D517C382C80061E4F9 /* CoreGraphics.framework in Frameworks */,
			);
			runOnlyForDeploymentPostprocessing = 0;
		};
/* End PBXFrameworksBuildPhase section */

/* Begin PBXGroup section */
		100299C417C382C70061E4F9 = {
			isa = PBXGroup;
			children = (
				100299D617C382C80061E4F9 /* EShop */,
				100299CF17C382C80061E4F9 /* Frameworks */,
				100299CE17C382C80061E4F9 /* Products */,
			);
			sourceTree = "<group>";
		};
		100299CE17C382C80061E4F9 /* Products */ = {
			isa = PBXGroup;
			children = (
				100299CD17C382C80061E4F9 /* EShop.app */,
			);
			name = Products;
			sourceTree = "<group>";
		};
		100299CF17C382C80061E4F9 /* Frameworks */ = {
			isa = PBXGroup;
			children = (
				100299D017C382C80061E4F9 /* UIKit.framework */,
				100299D217C382C80061E4F9 /* Foundation.framework */,
				100299D417C382C80061E4F9 /* CoreGraphics.framework */,
			);
			name = Frameworks;
			sourceTree = "<group>";
		};
		100299D617C382C80061E4F9 /* EShop */ = {
			isa = PBXGroup;
			children = (
				100299DF17C382C80061E4F9 /* ZHAppDelegate.h */,
				100299E017C382C80061E4F9 /* ZHAppDelegate.m */,
				100299E817C382C80061E4F9 /* ZHViewController.h */,
				100299E917C382C80061E4F9 /* ZHViewController.m */,
				100299EB17C382C80061E4F9 /* ZHViewController.xib */,
				100299D717C382C80061E4F9 /* Supporting Files */,
			);
			path = EShop;
			sourceTree = "<group>";
		};
		100299D717C382C80061E4F9 /* Supporting Files */ = {
			isa = PBXGroup;
			children = (
				100299D817C382C80061E4F9 /* EShop-Info.plist */,
				100299D917C382C80061E4F9 /* InfoPlist.strings */,
				100299DC17C382C80061E4F9 /* main.m */,
				100299DE17C382C80061E4F9 /* EShop-Prefix.pch */,
				100299E217C382C80061E4F9 /* Default.png */,
				100299E417C382C80061E4F9 /* Default@2x.png */,
				100299E617C382C80061E4F9 /* Default-568h@2x.png */,
			);
			name = "Supporting Files";
			sourceTree = "<group>";
		};
/* End PBXGroup section */

/* Begin PBXNativeTarget section */
		100299CC17C382C70061E4F9 /* EShop */ = {
			isa = PBXNativeTarget;
			buildConfigurationList = 100299F017C382C80061E4F9 /* Build configuration list for PBXNativeTarget "EShop" */;
			buildPhases = (
				100299C917C382C70061E4F9 /* Sources */,
				100299CA17C382C70061E4F9 /* Frameworks */,
				100299CB17C382C70061E4F9 /* Resources */,
			);
			buildRules = (
			);
			dependencies = (
			);
			name = EShop;
			productName = EShop;
			productReference = 100299CD17C382C80061E4F9 /* EShop.app */;
			productType = "com.apple.product-type.application";
		};
/* End PBXNativeTarget section */

/* Begin PBXProject section */
		100299C517C382C70061E4F9 /* Project object */ = {
			isa = PBXProject;
			attributes = {
				CLASSPREFIX = ZH;
				LastUpgradeCheck = 0460;
				ORGANIZATIONNAME = "zeng hui";
			};
			buildConfigurationList = 100299C817C382C70061E4F9 /* Build configuration list for PBXProject "EShop" */;
			compatibilityVersion = "Xcode 3.2";
			developmentRegion = English;
			hasScannedForEncodings = 0;
			knownRegions = (
				en,
			);
			mainGroup = 100299C417C382C70061E4F9;
			productRefGroup = 100299CE17C382C80061E4F9 /* Products */;
			projectDirPath = "";
			projectRoot = "";
			targets = (
				100299CC17C382C70061E4F9 /* EShop */,
			);
		};
/* End PBXProject section */

/* Begin PBXResourcesBuildPhase section */
		100299CB17C382C70061E4F9 /* Resources */ = {
			isa = PBXResourcesBuildPhase;
			buildActionMask = 2147483647;
			files = (
				100299DB17C382C80061E4F9 /* InfoPlist.strings in Resources */,
				100299E317C382C80061E4F9 /* Default.png in Resources */,
				100299E517C382C80061E4F9 /* Default@2x.png in Resources */,
				100299E717C382C80061E4F9 /* Default-568h@2x.png in Resources */,
				100299ED17C382C80061E4F9 /* ZHViewController.xib in Resources */,
			);
			runOnlyForDeploymentPostprocessing = 0;
		};
/* End PBXResourcesBuildPhase section */

/* Begin PBXSourcesBuildPhase section */
		100299C917C382C70061E4F9 /* Sources */ = {
			isa = PBXSourcesBuildPhase;
			buildActionMask = 2147483647;
			files = (
				100299DD17C382C80061E4F9 /* main.m in Sources */,
				100299E117C382C80061E4F9 /* ZHAppDelegate.m in Sources */,
				100299EA17C382C80061E4F9 /* ZHViewController.m in Sources */,
			);
			runOnlyForDeploymentPostprocessing = 0;
		};
/* End PBXSourcesBuildPhase section */

/* Begin PBXVariantGroup section */
		100299D917C382C80061E4F9 /* InfoPlist.strings */ = {
			isa = PBXVariantGroup;
			children = (
				100299DA17C382C80061E4F9 /* en */,
			);
			name = InfoPlist.strings;
			sourceTree = "<group>";
		};
		100299EB17C382C80061E4F9 /* ZHViewController.xib */ = {
			isa = PBXVariantGroup;
			children = (
				100299EC17C382C80061E4F9 /* en */,
			);
			name = ZHViewController.xib;
			sourceTree = "<group>";
		};
/* End PBXVariantGroup section */

/* Begin XCBuildConfiguration section */
		100299EE17C382C80061E4F9 /* Debug */ = {
			isa = XCBuildConfiguration;
			buildSettings = {
				ALWAYS_SEARCH_USER_PATHS = NO;
				CLANG_CXX_LANGUAGE_STANDARD = "gnu++0x";
				CLANG_CXX_LIBRARY = "libc++";
				CLANG_WARN_CONSTANT_CONVERSION = YES;
				CLANG_WARN_EMPTY_BODY = YES;
				CLANG_WARN_ENUM_CONVERSION = YES;
				CLANG_WARN_INT_CONVERSION = YES;
				CLANG_WARN__DUPLICATE_METHOD_MATCH = YES;
				"CODE_SIGN_IDENTITY[sdk=iphoneos*]" = "iPhone Developer";
				COPY_PHASE_STRIP = NO;
				GCC_C_LANGUAGE_STANDARD = gnu99;
				GCC_DYNAMIC_NO_PIC = NO;
				GCC_OPTIMIZATION_LEVEL = 0;
				GCC_PREPROCESSOR_DEFINITIONS = (
					"DEBUG=1",
					"$(inherited)",
				);
				GCC_SYMBOLS_PRIVATE_EXTERN = NO;
				GCC_WARN_ABOUT_RETURN_TYPE = YES;
				GCC_WARN_UNINITIALIZED_AUTOS = YES;
				GCC_WARN_UNUSED_VARIABLE = YES;
				IPHONEOS_DEPLOYMENT_TARGET = 6.1;
				ONLY_ACTIVE_ARCH = YES;
				SDKROOT = iphoneos;
				TARGETED_DEVICE_FAMILY = 2;
			};
			name = Debug;
		};
		100299EF17C382C80061E4F9 /* Release */ = {
			isa = XCBuildConfiguration;
			buildSettings = {
				ALWAYS_SEARCH_USER_PATHS = NO;
				CLANG_CXX_LANGUAGE_STANDARD = "gnu++0x";
				CLANG_CXX_LIBRARY = "libc++";
				CLANG_WARN_CONSTANT_CONVERSION = YES;
				CLANG_WARN_EMPTY_BODY = YES;
				CLANG_WARN_ENUM_CONVERSION = YES;
				CLANG_WARN_INT_CONVERSION = YES;
				CLANG_WARN__DUPLICATE_METHOD_MATCH = YES;
				"CODE_SIGN_IDENTITY[sdk=iphoneos*]" = "iPhone Developer";
				COPY_PHASE_STRIP = YES;
				GCC_C_LANGUAGE_STANDARD = gnu99;
				GCC_WARN_ABOUT_RETURN_TYPE = YES;
				GCC_WARN_UNINITIALIZED_AUTOS = YES;
				GCC_WARN_UNUSED_VARIABLE = YES;
				IPHONEOS_DEPLOYMENT_TARGET = 6.1;
				OTHER_CFLAGS = "-DNS_BLOCK_ASSERTIONS=1";
				SDKROOT = iphoneos;
				TARGETED_DEVICE_FAMILY = 2;
				VALIDATE_PRODUCT = YES;
			};
			name = Release;
		};
		100299F117C382C80061E4F9 /* Debug */ = {
			isa = XCBuildConfiguration;
			buildSettings = {
				GCC_PRECOMPILE_PREFIX_HEADER = YES;
				GCC_PREFIX_HEADER = "EShop/EShop-Prefix.pch";
				INFOPLIST_FILE = "EShop/EShop-Info.plist";
				PRODUCT_NAME = "$(TARGET_NAME)";
				WRAPPER_EXTENSION = app;
			};
			name = Debug;
		};
		100299F217C382C80061E4F9 /* Release */ = {
			isa = XCBuildConfiguration;
			buildSettings = {
				GCC_PRECOMPILE_PREFIX_HEADER = YES;
				GCC_PREFIX_HEADER = "EShop/EShop-Prefix.pch";
				INFOPLIST_FILE = "EShop/EShop-Info.plist";
				PRODUCT_NAME = "$(TARGET_NAME)";
				WRAPPER_EXTENSION = app;
			};
			name = Release;
		};
/* End XCBuildConfiguration section */

/* Begin XCConfigurationList section */
		100299C817C382C70061E4F9 /* Build configuration list for PBXProject "EShop" */ = {
			isa = XCConfigurationList;
			buildConfigurations = (
				100299EE17C382C80061E4F9 /* Debug */,
				100299EF17C382C80061E4F9 /* Release */,
			);
			defaultConfigurationIsVisible = 0;
			defaultConfigurationName = Release;
		};
		100299F017C382C80061E4F9 /* Build configuration list for PBXNativeTarget "EShop" */ = {
			isa = XCConfigurationList;
			buildConfigurations = (
				100299F117C382C80061E4F9 /* Debug */,
				100299F217C382C80061E4F9 /* Release */,
			);
			defaultConfigurationIsVisible = 0;
		};
/* End XCConfigurationList section */
	};
	rootObject = 100299C517C382C70061E4F9 /* Project object */;
}
